PODS:
  - ChannelIOSDK (8.4.2)
  - Flutter (1.0.0)
  - flutter_channel_io (0.0.1):
    - ChannelIOSDK
    - Flutter

DEPENDENCIES:
  - ChannelIOSDK (from `https://mobile-static.channel.io/ios/latest/xcframework.podspec`)
  - Flutter (from `Flutter`)
  - flutter_channel_io (from `.symlinks/plugins/flutter_channel_io/ios`)

EXTERNAL SOURCES:
  ChannelIOSDK:
    :podspec: https://mobile-static.channel.io/ios/latest/xcframework.podspec
  Flutter:
    :path: Flutter
  flutter_channel_io:
    :path: ".symlinks/plugins/flutter_channel_io/ios"

SPEC CHECKSUMS:
  ChannelIOSDK: ea677d51c904e84faea3a40ef7ba5374a23e48d0
  Flutter: 434fef37c0980e73bb6479ef766c45957d4b510c
  flutter_channel_io: 8db7e0f62ae02cc2dec7b8005abb071b1f3008ef

PODFILE CHECKSUM: ebae81ae71d6cdc3eb1bdb70eefc34ee9963bb67

COCOAPODS: 1.10.1
